// !$*UTF8*$!
{
	archiveVersion = 1;
	classes = {
	};
	objectVersion = 46;
	objects = {

/* Begin PBXBuildFile section */
		341BD22A1B3A45E100595D5F /* main.m in Sources */ = {isa = PBXBuildFile; fileRef = 341BD2291B3A45E100595D5F /* main.m */; };
		341BD22D1B3A45E100595D5F /* AppDelegate.m in Sources */ = {isa = PBXBuildFile; fileRef = 341BD22C1B3A45E100595D5F /* AppDelegate.m */; };
		341BD22F1B3A45E100595D5F /* Images.xcassets in Resources */ = {isa = PBXBuildFile; fileRef = 341BD22E1B3A45E100595D5F /* Images.xcassets */; };
		341BD2321B3A45E100595D5F /* LaunchScreen.xib in Resources */ = {isa = PBXBuildFile; fileRef = 341BD2301B3A45E100595D5F /* LaunchScreen.xib */; };
		341BD23E1B3A45E100595D5F /* gitTests.m in Sources */ = {isa = PBXBuildFile; fileRef = 341BD23D1B3A45E100595D5F /* gitTests.m */; };
/* End PBXBuildFile section */

/* Begin PBXContainerItemProxy section */
		341BD2381B3A45E100595D5F /* PBXContainerItemProxy */ = {
			isa = PBXContainerItemProxy;
			containerPortal = 341BD21C1B3A45E100595D5F /* Project object */;
			proxyType = 1;
			remoteGlobalIDString = 341BD2231B3A45E100595D5F;
			remoteInfo = git;
		};
/* End PBXContainerItemProxy section */

/* Begin PBXFileReference section */
		341BD2241B3A45E100595D5F /* git.app */ = {isa = PBXFileReference; explicitFileType = wrapper.application; includeInIndex = 0; path = git.app; sourceTree = BUILT_PRODUCTS_DIR; };
		341BD2281B3A45E100595D5F /* Info.plist */ = {isa = PBXFileReference; lastKnownFileType = text.plist.xml; path = Info.plist; sourceTree = "<group>"; };
		341BD2291B3A45E100595D5F /* main.m */ = {isa = PBXFileReference; lastKnownFileType = sourcecode.c.objc; path = main.m; sourceTree = "<group>"; };
		341BD22B1B3A45E100595D5F /* AppDelegate.h */ = {isa = PBXFileReference; lastKnownFileType = sourcecode.c.h; path = AppDelegate.h; sourceTree = "<group>"; };
		341BD22C1B3A45E100595D5F /* AppDelegate.m */ = {isa = PBXFileReference; lastKnownFileType = sourcecode.c.objc; path = AppDelegate.m; sourceTree = "<group>"; };
		341BD22E1B3A45E100595D5F /* Images.xcassets */ = {isa = PBXFileReference; lastKnownFileType = folder.assetcatalog; path = Images.xcassets; sourceTree = "<group>"; };
		341BD2311B3A45E100595D5F /* Base */ = {isa = PBXFileReference; lastKnownFileType = file.xib; name = Base; path = Base.lproj/LaunchScreen.xib; sourceTree = "<group>"; };
		341BD2371B3A45E100595D5F /* gitTests.xctest */ = {isa = PBXFileReference; explicitFileType = wrapper.cfbundle; includeInIndex = 0; path = gitTests.xctest; sourceTree = BUILT_PRODUCTS_DIR; };
		341BD23C1B3A45E100595D5F /* Info.plist */ = {isa = PBXFileReference; lastKnownFileType = text.plist.xml; path = Info.plist; sourceTree = "<group>"; };
		341BD23D1B3A45E100595D5F /* gitTests.m */ = {isa = PBXFileReference; lastKnownFileType = sourcecode.c.objc; path = gitTests.m; sourceTree = "<group>"; };
/* End PBXFileReference section */

/* Begin PBXFrameworksBuildPhase section */
		341BD2211B3A45E100595D5F /* Frameworks */ = {
			isa = PBXFrameworksBuildPhase;
			buildActionMask = 2147483647;
			files = (
			);
			runOnlyForDeploymentPostprocessing = 0;
		};
		341BD2341B3A45E100595D5F /* Frameworks */ = {
			isa = PBXFrameworksBuildPhase;
			buildActionMask = 2147483647;
			files = (
			);
			runOnlyForDeploymentPostprocessing = 0;
		};
/* End PBXFrameworksBuildPhase section */

/* Begin PBXGroup section */
		341BD21B1B3A45E100595D5F = {
			isa = PBXGroup;
			children = (
				341BD2261B3A45E100595D5F /* git */,
				341BD23A1B3A45E100595D5F /* gitTests */,
				341BD2251B3A45E100595D5F /* Products */,
			);
			sourceTree = "<group>";
		};
		341BD2251B3A45E100595D5F /* Products */ = {
			isa = PBXGroup;
			children = (
				341BD2241B3A45E100595D5F /* git.app */,
				341BD2371B3A45E100595D5F /* gitTests.xctest */,
			);
			name = Products;
			sourceTree = "<group>";
		};
		341BD2261B3A45E100595D5F /* git */ = {
			isa = PBXGroup;
			children = (
				341BD22B1B3A45E100595D5F /* AppDelegate.h */,
				341BD22C1B3A45E100595D5F /* AppDelegate.m */,
				341BD22E1B3A45E100595D5F /* Images.xcassets */,
				341BD2301B3A45E100595D5F /* LaunchScreen.xib */,
				341BD2271B3A45E100595D5F /* Supporting Files */,
			);
			path = git;
			sourceTree = "<group>";
		};
		341BD2271B3A45E100595D5F /* Supporting Files */ = {
			isa = PBXGroup;
			children = (
				341BD2281B3A45E100595D5F /* Info.plist */,
				341BD2291B3A45E100595D5F /* main.m */,
			);
			name = "Supporting Files";
			sourceTree = "<group>";
		};
		341BD23A1B3A45E100595D5F /* gitTests */ = {
			isa = PBXGroup;
			children = (
				341BD23D1B3A45E100595D5F /* gitTests.m */,
				341BD23B1B3A45E100595D5F /* Supporting Files */,
			);
			path = gitTests;
			sourceTree = "<group>";
		};
		341BD23B1B3A45E100595D5F /* Supporting Files */ = {
			isa = PBXGroup;
			children = (
				341BD23C1B3A45E100595D5F /* Info.plist */,
			);
			name = "Supporting Files";
			sourceTree = "<group>";
		};
/* End PBXGroup section */

/* Begin PBXNativeTarget section */
		341BD2231B3A45E100595D5F /* git */ = {
			isa = PBXNativeTarget;
			buildConfigurationList = 341BD2411B3A45E100595D5F /* Build configuration list for PBXNativeTarget "git" */;
			buildPhases = (
				341BD2201B3A45E100595D5F /* Sources */,
				341BD2211B3A45E100595D5F /* Frameworks */,
				341BD2221B3A45E100595D5F /* Resources */,
			);
			buildRules = (
			);
			dependencies = (
			);
			name = git;
			productName = git;
			productReference = 341BD2241B3A45E100595D5F /* git.app */;
			productType = "com.apple.product-type.application";
		};
		341BD2361B3A45E100595D5F /* gitTests */ = {
			isa = PBXNativeTarget;
			buildConfigurationList = 341BD2441B3A45E100595D5F /* Build configuration list for PBXNativeTarget "gitTests" */;
			buildPhases = (
				341BD2331B3A45E100595D5F /* Sources */,
				341BD2341B3A45E100595D5F /* Frameworks */,
				341BD2351B3A45E100595D5F /* Resources */,
			);
			buildRules = (
			);
			dependencies = (
				341BD2391B3A45E100595D5F /* PBXTargetDependency */,
			);
			name = gitTests;
			productName = gitTests;
			productReference = 341BD2371B3A45E100595D5F /* gitTests.xctest */;
			productType = "com.apple.product-type.bundle.unit-test";
		};
/* End PBXNativeTarget section */

/* Begin PBXProject section */
		341BD21C1B3A45E100595D5F /* Project object */ = {
			isa = PBXProject;
			attributes = {
				LastUpgradeCheck = 0610;
				ORGANIZATIONNAME = "Feng Chunyang";
				TargetAttributes = {
					341BD2231B3A45E100595D5F = {
						CreatedOnToolsVersion = 6.1;
					};
					341BD2361B3A45E100595D5F = {
						CreatedOnToolsVersion = 6.1;
						TestTargetID = 341BD2231B3A45E100595D5F;
					};
				};
			};
			buildConfigurationList = 341BD21F1B3A45E100595D5F /* Build configuration list for PBXProject "git" */;
			compatibilityVersion = "Xcode 3.2";
			developmentRegion = English;
			hasScannedForEncodings = 0;
			knownRegions = (
				en,
				Base,
			);
			mainGroup = 341BD21B1B3A45E100595D5F;
			productRefGroup = 341BD2251B3A45E100595D5F /* Products */;
			projectDirPath = "";
			projectRoot = "";
			targets = (
				341BD2231B3A45E100595D5F /* git */,
				341BD2361B3A45E100595D5F /* gitTests */,
			);
		};
/* End PBXProject section */

/* Begin PBXResourcesBuildPhase section */
		341BD2221B3A45E100595D5F /* Resources */ = {
			isa = PBXResourcesBuildPhase;
			buildActionMask = 2147483647;
			files = (
				341BD2321B3A45E100595D5F /* LaunchScreen.xib in Resources */,
				341BD22F1B3A45E100595D5F /* Images.xcassets in Resources */,
			);
			runOnlyForDeploymentPostprocessing = 0;
		};
		341BD2351B3A45E100595D5F /* Resources */ = {
			isa = PBXResourcesBuildPhase;
			buildActionMask = 2147483647;
			files = (
			);
			runOnlyForDeploymentPostprocessing = 0;
		};
/* End PBXResourcesBuildPhase section */

/* Begin PBXSourcesBuildPhase section */
		341BD2201B3A45E100595D5F /* Sources */ = {
			isa = PBXSourcesBuildPhase;
			buildActionMask = 2147483647;
			files = (
				341BD22D1B3A45E100595D5F /* AppDelegate.m in Sources */,
				341BD22A1B3A45E100595D5F /* main.m in Sources */,
			);
			runOnlyForDeploymentPostprocessing = 0;
		};
		341BD2331B3A45E100595D5F /* Sources */ = {
			isa = PBXSourcesBuildPhase;
			buildActionMask = 2147483647;
			files = (
				341BD23E1B3A45E100595D5F /* gitTests.m in Sources */,
			);
			runOnlyForDeploymentPostprocessing = 0;
		};
/* End PBXSourcesBuildPhase section */

/* Begin PBXTargetDependency section */
		341BD2391B3A45E100595D5F /* PBXTargetDependency */ = {
			isa = PBXTargetDependency;
			target = 341BD2231B3A45E100595D5F /* git */;
			targetProxy = 341BD2381B3A45E100595D5F /* PBXContainerItemProxy */;
		};
/* End PBXTargetDependency section */

/* Begin PBXVariantGroup section */
		341BD2301B3A45E100595D5F /* LaunchScreen.xib */ = {
			isa = PBXVariantGroup;
			children = (
				341BD2311B3A45E100595D5F /* Base */,
			);
			name = LaunchScreen.xib;
			sourceTree = "<group>";
		};
/* End PBXVariantGroup section */

/* Begin XCBuildConfiguration section */
		341BD23F1B3A45E100595D5F /* Debug */ = {
			isa = XCBuildConfiguration;
			buildSettings = {
				ALWAYS_SEARCH_USER_PATHS = NO;
				CLANG_CXX_LANGUAGE_STANDARD = "gnu++0x";
				CLANG_CXX_LIBRARY = "libc++";
				CLANG_ENABLE_MODULES = YES;
				CLANG_ENABLE_OBJC_ARC = YES;
				CLANG_WARN_BOOL_CONVERSION = YES;
				CLANG_WARN_CONSTANT_CONVERSION = YES;
				CLANG_WARN_DIRECT_OBJC_ISA_USAGE = YES_ERROR;
				CLANG_WARN_EMPTY_BODY = YES;
				CLANG_WARN_ENUM_CONVERSION = YES;
				CLANG_WARN_INT_CONVERSION = YES;
				CLANG_WARN_OBJC_ROOT_CLASS = YES_ERROR;
				CLANG_WARN_UNREACHABLE_CODE = YES;
				CLANG_WARN__DUPLICATE_METHOD_MATCH = YES;
				"CODE_SIGN_IDENTITY[sdk=iphoneos*]" = "iPhone Developer";
				COPY_PHASE_STRIP = NO;
				ENABLE_STRICT_OBJC_MSGSEND = YES;
				GCC_C_LANGUAGE_STANDARD = gnu99;
				GCC_DYNAMIC_NO_PIC = NO;
				GCC_OPTIMIZATION_LEVEL = 0;
				GCC_PREPROCESSOR_DEFINITIONS = (
					"DEBUG=1",
					"$(inherited)",
				);
				GCC_SYMBOLS_PRIVATE_EXTERN = NO;
				GCC_WARN_64_TO_32_BIT_CONVERSION = YES;
				GCC_WARN_ABOUT_RETURN_TYPE = YES_ERROR;
				GCC_WARN_UNDECLARED_SELECTOR = YES;
				GCC_WARN_UNINITIALIZED_AUTOS = YES_AGGRESSIVE;
				GCC_WARN_UNUSED_FUNCTION = YES;
				GCC_WARN_UNUSED_VARIABLE = YES;
				IPHONEOS_DEPLOYMENT_TARGET = 8.1;
				MTL_ENABLE_DEBUG_INFO = YES;
				ONLY_ACTIVE_ARCH = YES;
				SDKROOT = iphoneos;
			};
			name = Debug;
		};
		341BD2401B3A45E100595D5F /* Release */ = {
			isa = XCBuildConfiguration;
			buildSettings = {
				ALWAYS_SEARCH_USER_PATHS = NO;
				CLANG_CXX_LANGUAGE_STANDARD = "gnu++0x";
				CLANG_CXX_LIBRARY = "libc++";
				CLANG_ENABLE_MODULES = YES;
				CLANG_ENABLE_OBJC_ARC = YES;
				CLANG_WARN_BOOL_CONVERSION = YES;
				CLANG_WARN_CONSTANT_CONVERSION = YES;
				CLANG_WARN_DIRECT_OBJC_ISA_USAGE = YES_ERROR;
				CLANG_WARN_EMPTY_BODY = YES;
				CLANG_WARN_ENUM_CONVERSION = YES;
				CLANG_WARN_INT_CONVERSION = YES;
				CLANG_WARN_OBJC_ROOT_CLASS = YES_ERROR;
				CLANG_WARN_UNREACHABLE_CODE = YES;
				CLANG_WARN__DUPLICATE_METHOD_MATCH = YES;
				"CODE_SIGN_IDENTITY[sdk=iphoneos*]" = "iPhone Developer";
				COPY_PHASE_STRIP = YES;
				ENABLE_NS_ASSERTIONS = NO;
				ENABLE_STRICT_OBJC_MSGSEND = YES;
				GCC_C_LANGUAGE_STANDARD = gnu99;
				GCC_WARN_64_TO_32_BIT_CONVERSION = YES;
				GCC_WARN_ABOUT_RETURN_TYPE = YES_ERROR;
				GCC_WARN_UNDECLARED_SELECTOR = YES;
				GCC_WARN_UNINITIALIZED_AUTOS = YES_AGGRESSIVE;
				GCC_WARN_UNUSED_FUNCTION = YES;
				GCC_WARN_UNUSED_VARIABLE = YES;
				IPHONEOS_DEPLOYMENT_TARGET = 8.1;
				MTL_ENABLE_DEBUG_INFO = NO;
				SDKROOT = iphoneos;
				VALIDATE_PRODUCT = YES;
			};
			name = Release;
		};
		341BD2421B3A45E100595D5F /* Debug */ = {
			isa = XCBuildConfiguration;
			buildSettings = {
				ASSETCATALOG_COMPILER_APPICON_NAME = AppIcon;
				INFOPLIST_FILE = git/Info.plist;
				LD_RUNPATH_SEARCH_PATHS = "$(inherited) @executable_path/Frameworks";
				PRODUCT_NAME = "$(TARGET_NAME)";
			};
			name = Debug;
		};
		341BD2431B3A45E100595D5F /* Release */ = {
			isa = XCBuildConfiguration;
			buildSettings = {
				ASSETCATALOG_COMPILER_APPICON_NAME = AppIcon;
				INFOPLIST_FILE = git/Info.plist;
				LD_RUNPATH_SEARCH_PATHS = "$(inherited) @executable_path/Frameworks";
				PRODUCT_NAME = "$(TARGET_NAME)";
			};
			name = Release;
		};
		341BD2451B3A45E100595D5F /* Debug */ = {
			isa = XCBuildConfiguration;
			buildSettings = {
				BUNDLE_LOADER = "$(TEST_HOST)";
				FRAMEWORK_SEARCH_PATHS = (
					"$(SDKROOT)/Developer/Library/Frameworks",
					"$(inherited)",
				);
				GCC_PREPROCESSOR_DEFINITIONS = (
					"DEBUG=1",
					"$(inherited)",
				);
				INFOPLIST_FILE = gitTests/Info.plist;
				LD_RUNPATH_SEARCH_PATHS = "$(inherited) @executable_path/Frameworks @loader_path/Frameworks";
				PRODUCT_NAME = "$(TARGET_NAME)";
				TEST_HOST = "$(BUILT_PRODUCTS_DIR)/git.app/git";
			};
			name = Debug;
		};
		341BD2461B3A45E100595D5F /* Release */ = {
			isa = XCBuildConfiguration;
			buildSettings = {
				BUNDLE_LOADER = "$(TEST_HOST)";
				FRAMEWORK_SEARCH_PATHS = (
					"$(SDKROOT)/Developer/Library/Frameworks",
					"$(inherited)",
				);
				INFOPLIST_FILE = gitTests/Info.plist;
				LD_RUNPATH_SEARCH_PATHS = "$(inherited) @executable_path/Frameworks @loader_path/Frameworks";
				PRODUCT_NAME = "$(TARGET_NAME)";
				TEST_HOST = "$(BUILT_PRODUCTS_DIR)/git.app/git";
			};
			name = Release;
		};
/* End XCBuildConfiguration section */

/* Begin XCConfigurationList section */
		341BD21F1B3A45E100595D5F /* Build configuration list for PBXProject "git" */ = {
			isa = XCConfigurationList;
			buildConfigurations = (
				341BD23F1B3A45E100595D5F /* Debug */,
				341BD2401B3A45E100595D5F /* Release */,
			);
			defaultConfigurationIsVisible = 0;
			defaultConfigurationName = Release;
		};
		341BD2411B3A45E100595D5F /* Build configuration list for PBXNativeTarget "git" */ = {
			isa = XCConfigurationList;
			buildConfigurations = (
				341BD2421B3A45E100595D5F /* Debug */,
				341BD2431B3A45E100595D5F /* Release */,
			);
			defaultConfigurationIsVisible = 0;
		};
		341BD2441B3A45E100595D5F /* Build configuration list for PBXNativeTarget "gitTests" */ = {
			isa = XCConfigurationList;
			buildConfigurations = (
				341BD2451B3A45E100595D5F /* Debug */,
				341BD2461B3A45E100595D5F /* Release */,
			);
			defaultConfigurationIsVisible = 0;
		};
/* End XCConfigurationList section */
	};
	rootObject = 341BD21C1B3A45E100595D5F /* Project object */;
}
